
Microsoft Visual Studio Solution File, Format Version 12.00
# Visual Studio Version 17
VisualStudioVersion = 17.13.35806.99
MinimumVisualStudioVersion = 10.0.40219.1
Project("{FAE04EC0-301F-11D3-BF4B-00C04F79EFBC}") = "WebApplication1", "WebApplication1\WebApplication1.csproj", "{ACCF7E21-DCA9-49C6-A3ED-C355186499F1}"
EndProject
Global
	GlobalSection(SolutionConfigurationPlatforms) = preSolution
		Debug|Any CPU = Debug|Any CPU
		Release|Any CPU = Release|Any CPU
	EndGlobalSection
	GlobalSection(ProjectConfigurationPlatforms) = postSolution
		{ACCF7E21-DCA9-49C6-A3ED-C355186499F1}.Debug|Any CPU.ActiveCfg = Debug|Any CPU
		{ACCF7E21-DCA9-49C6-A3ED-C355186499F1}.Debug|Any CPU.Build.0 = Debug|Any CPU
		{ACCF7E21-DCA9-49C6-A3ED-C355186499F1}.Release|Any CPU.ActiveCfg = Release|Any CPU
		{ACCF7E21-DCA9-49C6-A3ED-C355186499F1}.Release|Any CPU.Build.0 = Release|Any CPU
	EndGlobalSection
	GlobalSection(SolutionProperties) = preSolution
		HideSolutionNode = FALSE
	EndGlobalSection
	GlobalSection(ExtensibilityGlobals) = postSolution
		SolutionGuid = {AF2435F5-EF04-4E2C-A839-49B900A072BC}
	EndGlobalSection
EndGlobal
